Microsoft Visual Studio Solution File, Format Version 12.00
# Visual Studio 2012
Project("{FAE04EC0-301F-11D3-BF4B-00C04F79EFBC}") = "Jeu_T4", "Jeu_T4.csproj", "{2844CC07-2255-4A37-AEAA-DD25DC7DEFAA}"
EndProject
Global
	GlobalSection(SolutionConfigurationPlatforms) = preSolution
	Debug|Any CPU = Debug|Any CPU
	ExportDebug|Any CPU = ExportDebug|Any CPU
	ExportRelease|Any CPU = ExportRelease|Any CPU
	EndGlobalSection
	GlobalSection(ProjectConfigurationPlatforms) = postSolution
		{2844CC07-2255-4A37-AEAA-DD25DC7DEFAA}.Debug|Any CPU.ActiveCfg = Debug|Any CPU
		{2844CC07-2255-4A37-AEAA-DD25DC7DEFAA}.Debug|Any CPU.Build.0 = Debug|Any CPU
		{2844CC07-2255-4A37-AEAA-DD25DC7DEFAA}.ExportDebug|Any CPU.ActiveCfg = ExportDebug|Any CPU
		{2844CC07-2255-4A37-AEAA-DD25DC7DEFAA}.ExportDebug|Any CPU.Build.0 = ExportDebug|Any CPU
		{2844CC07-2255-4A37-AEAA-DD25DC7DEFAA}.ExportRelease|Any CPU.ActiveCfg = ExportRelease|Any CPU
		{2844CC07-2255-4A37-AEAA-DD25DC7DEFAA}.ExportRelease|Any CPU.Build.0 = ExportRelease|Any CPU
	EndGlobalSection
EndGlobal
